// !$*UTF8*$!
{
	archiveVersion = 1;
	classes = {
	};
	objectVersion = 55;
	objects = {

/* Begin PBXBuildFile section */
		EB4278292791150E0089D478 /* FacebookCloneApp.swift in Sources */ = {isa = PBXBuildFile; fileRef = EB4278282791150E0089D478 /* FacebookCloneApp.swift */; };
		EB42782B2791150E0089D478 /* HomeView.swift in Sources */ = {isa = PBXBuildFile; fileRef = EB42782A2791150E0089D478 /* HomeView.swift */; };
		EB42782D2791150E0089D478 /* Assets.xcassets in Resources */ = {isa = PBXBuildFile; fileRef = EB42782C2791150E0089D478 /* Assets.xcassets */; };
		EB4278302791150E0089D478 /* Preview Assets.xcassets in Resources */ = {isa = PBXBuildFile; fileRef = EB42782F2791150E0089D478 /* Preview Assets.xcassets */; };
		EB42783D27913A6B0089D478 /* StoriesCard.swift in Sources */ = {isa = PBXBuildFile; fileRef = EB42783C27913A6B0089D478 /* StoriesCard.swift */; };
		EB42783F27913AB10089D478 /* FBPostCard.swift in Sources */ = {isa = PBXBuildFile; fileRef = EB42783E27913AB10089D478 /* FBPostCard.swift */; };
		EB42784527913B260089D478 /* Post.swift in Sources */ = {isa = PBXBuildFile; fileRef = EB42784427913B260089D478 /* Post.swift */; };
		EB42784A27913C9F0089D478 /* HomeViewModel.swift in Sources */ = {isa = PBXBuildFile; fileRef = EB42784927913C9F0089D478 /* HomeViewModel.swift */; };
		EB42784D27913CBD0089D478 /* HomeViewModellable.swift in Sources */ = {isa = PBXBuildFile; fileRef = EB42784C27913CBD0089D478 /* HomeViewModellable.swift */; };
		EB42784F27913E6C0089D478 /* SearchBarCard.swift in Sources */ = {isa = PBXBuildFile; fileRef = EB42784E27913E6C0089D478 /* SearchBarCard.swift */; };
/* End PBXBuildFile section */

/* Begin PBXFileReference section */
		EB4278252791150E0089D478 /* FacebookClone.app */ = {isa = PBXFileReference; explicitFileType = wrapper.application; includeInIndex = 0; path = FacebookClone.app; sourceTree = BUILT_PRODUCTS_DIR; };
		EB4278282791150E0089D478 /* FacebookCloneApp.swift */ = {isa = PBXFileReference; lastKnownFileType = sourcecode.swift; path = FacebookCloneApp.swift; sourceTree = "<group>"; };
		EB42782A2791150E0089D478 /* HomeView.swift */ = {isa = PBXFileReference; lastKnownFileType = sourcecode.swift; path = HomeView.swift; sourceTree = "<group>"; };
		EB42782C2791150E0089D478 /* Assets.xcassets */ = {isa = PBXFileReference; lastKnownFileType = folder.assetcatalog; path = Assets.xcassets; sourceTree = "<group>"; };
		EB42782F2791150E0089D478 /* Preview Assets.xcassets */ = {isa = PBXFileReference; lastKnownFileType = folder.assetcatalog; path = "Preview Assets.xcassets"; sourceTree = "<group>"; };
		EB42783C27913A6B0089D478 /* StoriesCard.swift */ = {isa = PBXFileReference; lastKnownFileType = sourcecode.swift; path = StoriesCard.swift; sourceTree = "<group>"; };
		EB42783E27913AB10089D478 /* FBPostCard.swift */ = {isa = PBXFileReference; lastKnownFileType = sourcecode.swift; path = FBPostCard.swift; sourceTree = "<group>"; };
		EB42784427913B260089D478 /* Post.swift */ = {isa = PBXFileReference; lastKnownFileType = sourcecode.swift; path = Post.swift; sourceTree = "<group>"; };
		EB42784927913C9F0089D478 /* HomeViewModel.swift */ = {isa = PBXFileReference; lastKnownFileType = sourcecode.swift; path = HomeViewModel.swift; sourceTree = "<group>"; };
		EB42784C27913CBD0089D478 /* HomeViewModellable.swift */ = {isa = PBXFileReference; lastKnownFileType = sourcecode.swift; path = HomeViewModellable.swift; sourceTree = "<group>"; };
		EB42784E27913E6C0089D478 /* SearchBarCard.swift */ = {isa = PBXFileReference; lastKnownFileType = sourcecode.swift; path = SearchBarCard.swift; sourceTree = "<group>"; };
/* End PBXFileReference section */

/* Begin PBXFrameworksBuildPhase section */
		EB4278222791150E0089D478 /* Frameworks */ = {
			isa = PBXFrameworksBuildPhase;
			buildActionMask = 2147483647;
			files = (
			);
			runOnlyForDeploymentPostprocessing = 0;
		};
/* End PBXFrameworksBuildPhase section */

/* Begin PBXGroup section */
		EB42781C2791150E0089D478 = {
			isa = PBXGroup;
			children = (
				EB4278272791150E0089D478 /* FacebookClone */,
				EB4278262791150E0089D478 /* Products */,
			);
			sourceTree = "<group>";
		};
		EB4278262791150E0089D478 /* Products */ = {
			isa = PBXGroup;
			children = (
				EB4278252791150E0089D478 /* FacebookClone.app */,
			);
			name = Products;
			sourceTree = "<group>";
		};
		EB4278272791150E0089D478 /* FacebookClone */ = {
			isa = PBXGroup;
			children = (
				EB42783A279125840089D478 /* ViewControllers */,
				EB42784827913C800089D478 /* ViewModels */,
				EB42784727913B720089D478 /* Components */,
				EB42784327913B050089D478 /* Models */,
				EB42784227913AE90089D478 /* Application */,
				EB42784627913B490089D478 /* Resources */,
			);
			path = FacebookClone;
			sourceTree = "<group>";
		};
		EB42782E2791150E0089D478 /* Preview Content */ = {
			isa = PBXGroup;
			children = (
				EB42782F2791150E0089D478 /* Preview Assets.xcassets */,
			);
			path = "Preview Content";
			sourceTree = "<group>";
		};
		EB42783A279125840089D478 /* ViewControllers */ = {
			isa = PBXGroup;
			children = (
				EB42782A2791150E0089D478 /* HomeView.swift */,
			);
			path = ViewControllers;
			sourceTree = "<group>";
		};
		EB42784227913AE90089D478 /* Application */ = {
			isa = PBXGroup;
			children = (
				EB4278282791150E0089D478 /* FacebookCloneApp.swift */,
			);
			path = Application;
			sourceTree = "<group>";
		};
		EB42784327913B050089D478 /* Models */ = {
			isa = PBXGroup;
			children = (
				EB42784427913B260089D478 /* Post.swift */,
			);
			path = Models;
			sourceTree = "<group>";
		};
		EB42784627913B490089D478 /* Resources */ = {
			isa = PBXGroup;
			children = (
				EB42782C2791150E0089D478 /* Assets.xcassets */,
				EB42782E2791150E0089D478 /* Preview Content */,
			);
			path = Resources;
			sourceTree = "<group>";
		};
		EB42784727913B720089D478 /* Components */ = {
			isa = PBXGroup;
			children = (
				EB42783C27913A6B0089D478 /* StoriesCard.swift */,
				EB42783E27913AB10089D478 /* FBPostCard.swift */,
				EB42784E27913E6C0089D478 /* SearchBarCard.swift */,
			);
			path = Components;
			sourceTree = "<group>";
		};
		EB42784827913C800089D478 /* ViewModels */ = {
			isa = PBXGroup;
			children = (
				EB42784B27913CA70089D478 /* Protocols */,
				EB42784927913C9F0089D478 /* HomeViewModel.swift */,
			);
			path = ViewModels;
			sourceTree = "<group>";
		};
		EB42784B27913CA70089D478 /* Protocols */ = {
			isa = PBXGroup;
			children = (
				EB42784C27913CBD0089D478 /* HomeViewModellable.swift */,
			);
			path = Protocols;
			sourceTree = "<group>";
		};
/* End PBXGroup section */

/* Begin PBXNativeTarget section */
		EB4278242791150E0089D478 /* FacebookClone */ = {
			isa = PBXNativeTarget;
			buildConfigurationList = EB4278332791150E0089D478 /* Build configuration list for PBXNativeTarget "FacebookClone" */;
			buildPhases = (
				EB4278212791150E0089D478 /* Sources */,
				EB4278222791150E0089D478 /* Frameworks */,
				EB4278232791150E0089D478 /* Resources */,
			);
			buildRules = (
			);
			dependencies = (
			);
			name = FacebookClone;
			productName = FacebookClone;
			productReference = EB4278252791150E0089D478 /* FacebookClone.app */;
			productType = "com.apple.product-type.application";
		};
/* End PBXNativeTarget section */

/* Begin PBXProject section */
		EB42781D2791150E0089D478 /* Project object */ = {
			isa = PBXProject;
			attributes = {
				BuildIndependentTargetsInParallel = 1;
				LastSwiftUpdateCheck = 1320;
				LastUpgradeCheck = 1320;
				TargetAttributes = {
					EB4278242791150E0089D478 = {
						CreatedOnToolsVersion = 13.2.1;
					};
				};
			};
			buildConfigurationList = EB4278202791150E0089D478 /* Build configuration list for PBXProject "FacebookClone" */;
			compatibilityVersion = "Xcode 13.0";
			developmentRegion = en;
			hasScannedForEncodings = 0;
			knownRegions = (
				en,
				Base,
			);
			mainGroup = EB42781C2791150E0089D478;
			productRefGroup = EB4278262791150E0089D478 /* Products */;
			projectDirPath = "";
			projectRoot = "";
			targets = (
				EB4278242791150E0089D478 /* FacebookClone */,
			);
		};
/* End PBXProject section */

/* Begin PBXResourcesBuildPhase section */
		EB4278232791150E0089D478 /* Resources */ = {
			isa = PBXResourcesBuildPhase;
			buildActionMask = 2147483647;
			files = (
				EB4278302791150E0089D478 /* Preview Assets.xcassets in Resources */,
				EB42782D2791150E0089D478 /* Assets.xcassets in Resources */,
			);
			runOnlyForDeploymentPostprocessing = 0;
		};
/* End PBXResourcesBuildPhase section */

/* Begin PBXSourcesBuildPhase section */
		EB4278212791150E0089D478 /* Sources */ = {
			isa = PBXSourcesBuildPhase;
			buildActionMask = 2147483647;
			files = (
				EB42782B2791150E0089D478 /* HomeView.swift in Sources */,
				EB42784A27913C9F0089D478 /* HomeViewModel.swift in Sources */,
				EB4278292791150E0089D478 /* FacebookCloneApp.swift in Sources */,
				EB42784F27913E6C0089D478 /* SearchBarCard.swift in Sources */,
				EB42783D27913A6B0089D478 /* StoriesCard.swift in Sources */,
				EB42783F27913AB10089D478 /* FBPostCard.swift in Sources */,
				EB42784527913B260089D478 /* Post.swift in Sources */,
				EB42784D27913CBD0089D478 /* HomeViewModellable.swift in Sources */,
			);
			runOnlyForDeploymentPostprocessing = 0;
		};
/* End PBXSourcesBuildPhase section */

/* Begin XCBuildConfiguration section */
		EB4278312791150E0089D478 /* Debug */ = {
			isa = XCBuildConfiguration;
			buildSettings = {
				ALWAYS_SEARCH_USER_PATHS = NO;
				CLANG_ANALYZER_NONNULL = YES;
				CLANG_ANALYZER_NUMBER_OBJECT_CONVERSION = YES_AGGRESSIVE;
				CLANG_CXX_LANGUAGE_STANDARD = "gnu++17";
				CLANG_CXX_LIBRARY = "libc++";
				CLANG_ENABLE_MODULES = YES;
				CLANG_ENABLE_OBJC_ARC = YES;
				CLANG_ENABLE_OBJC_WEAK = YES;
				CLANG_WARN_BLOCK_CAPTURE_AUTORELEASING = YES;
				CLANG_WARN_BOOL_CONVERSION = YES;
				CLANG_WARN_COMMA = YES;
				CLANG_WARN_CONSTANT_CONVERSION = YES;
				CLANG_WARN_DEPRECATED_OBJC_IMPLEMENTATIONS = YES;
				CLANG_WARN_DIRECT_OBJC_ISA_USAGE = YES_ERROR;
				CLANG_WARN_DOCUMENTATION_COMMENTS = YES;
				CLANG_WARN_EMPTY_BODY = YES;
				CLANG_WARN_ENUM_CONVERSION = YES;
				CLANG_WARN_INFINITE_RECURSION = YES;
				CLANG_WARN_INT_CONVERSION = YES;
				CLANG_WARN_NON_LITERAL_NULL_CONVERSION = YES;
				CLANG_WARN_OBJC_IMPLICIT_RETAIN_SELF = YES;
				CLANG_WARN_OBJC_LITERAL_CONVERSION = YES;
				CLANG_WARN_OBJC_ROOT_CLASS = YES_ERROR;
				CLANG_WARN_QUOTED_INCLUDE_IN_FRAMEWORK_HEADER = YES;
				CLANG_WARN_RANGE_LOOP_ANALYSIS = YES;
				CLANG_WARN_STRICT_PROTOTYPES = YES;
				CLANG_WARN_SUSPICIOUS_MOVE = YES;
				CLANG_WARN_UNGUARDED_AVAILABILITY = YES_AGGRESSIVE;
				CLANG_WARN_UNREACHABLE_CODE = YES;
				CLANG_WARN__DUPLICATE_METHOD_MATCH = YES;
				COPY_PHASE_STRIP = NO;
				DEBUG_INFORMATION_FORMAT = dwarf;
				ENABLE_STRICT_OBJC_MSGSEND = YES;
				ENABLE_TESTABILITY = YES;
				GCC_C_LANGUAGE_STANDARD = gnu11;
				GCC_DYNAMIC_NO_PIC = NO;
				GCC_NO_COMMON_BLOCKS = YES;
				GCC_OPTIMIZATION_LEVEL = 0;
				GCC_PREPROCESSOR_DEFINITIONS = (
					"DEBUG=1",
					"$(inherited)",
				);
				GCC_WARN_64_TO_32_BIT_CONVERSION = YES;
				GCC_WARN_ABOUT_RETURN_TYPE = YES_ERROR;
				GCC_WARN_UNDECLARED_SELECTOR = YES;
				GCC_WARN_UNINITIALIZED_AUTOS = YES_AGGRESSIVE;
				GCC_WARN_UNUSED_FUNCTION = YES;
				GCC_WARN_UNUSED_VARIABLE = YES;
				IPHONEOS_DEPLOYMENT_TARGET = 15.2;
				MTL_ENABLE_DEBUG_INFO = INCLUDE_SOURCE;
				MTL_FAST_MATH = YES;
				ONLY_ACTIVE_ARCH = YES;
				SDKROOT = iphoneos;
				SWIFT_ACTIVE_COMPILATION_CONDITIONS = DEBUG;
				SWIFT_OPTIMIZATION_LEVEL = "-Onone";
			};
			name = Debug;
		};
		EB4278322791150E0089D478 /* Release */ = {
			isa = XCBuildConfiguration;
			buildSettings = {
				ALWAYS_SEARCH_USER_PATHS = NO;
				CLANG_ANALYZER_NONNULL = YES;
				CLANG_ANALYZER_NUMBER_OBJECT_CONVERSION = YES_AGGRESSIVE;
				CLANG_CXX_LANGUAGE_STANDARD = "gnu++17";
				CLANG_CXX_LIBRARY = "libc++";
				CLANG_ENABLE_MODULES = YES;
				CLANG_ENABLE_OBJC_ARC = YES;
				CLANG_ENABLE_OBJC_WEAK = YES;
				CLANG_WARN_BLOCK_CAPTURE_AUTORELEASING = YES;
				CLANG_WARN_BOOL_CONVERSION = YES;
				CLANG_WARN_COMMA = YES;
				CLANG_WARN_CONSTANT_CONVERSION = YES;
				CLANG_WARN_DEPRECATED_OBJC_IMPLEMENTATIONS = YES;
				CLANG_WARN_DIRECT_OBJC_ISA_USAGE = YES_ERROR;
				CLANG_WARN_DOCUMENTATION_COMMENTS = YES;
				CLANG_WARN_EMPTY_BODY = YES;
				CLANG_WARN_ENUM_CONVERSION = YES;
				CLANG_WARN_INFINITE_RECURSION = YES;
				CLANG_WARN_INT_CONVERSION = YES;
				CLANG_WARN_NON_LITERAL_NULL_CONVERSION = YES;
				CLANG_WARN_OBJC_IMPLICIT_RETAIN_SELF = YES;
				CLANG_WARN_OBJC_LITERAL_CONVERSION = YES;
				CLANG_WARN_OBJC_ROOT_CLASS = YES_ERROR;
				CLANG_WARN_QUOTED_INCLUDE_IN_FRAMEWORK_HEADER = YES;
				CLANG_WARN_RANGE_LOOP_ANALYSIS = YES;
				CLANG_WARN_STRICT_PROTOTYPES = YES;
				CLANG_WARN_SUSPICIOUS_MOVE = YES;
				CLANG_WARN_UNGUARDED_AVAILABILITY = YES_AGGRESSIVE;
				CLANG_WARN_UNREACHABLE_CODE = YES;
				CLANG_WARN__DUPLICATE_METHOD_MATCH = YES;
				COPY_PHASE_STRIP = NO;
				DEBUG_INFORMATION_FORMAT = "dwarf-with-dsym";
				ENABLE_NS_ASSERTIONS = NO;
				ENABLE_STRICT_OBJC_MSGSEND = YES;
				GCC_C_LANGUAGE_STANDARD = gnu11;
				GCC_NO_COMMON_BLOCKS = YES;
				GCC_WARN_64_TO_32_BIT_CONVERSION = YES;
				GCC_WARN_ABOUT_RETURN_TYPE = YES_ERROR;
				GCC_WARN_UNDECLARED_SELECTOR = YES;
				GCC_WARN_UNINITIALIZED_AUTOS = YES_AGGRESSIVE;
				GCC_WARN_UNUSED_FUNCTION = YES;
				GCC_WARN_UNUSED_VARIABLE = YES;
				IPHONEOS_DEPLOYMENT_TARGET = 15.2;
				MTL_ENABLE_DEBUG_INFO = NO;
				MTL_FAST_MATH = YES;
				SDKROOT = iphoneos;
				SWIFT_COMPILATION_MODE = wholemodule;
				SWIFT_OPTIMIZATION_LEVEL = "-O";
				VALIDATE_PRODUCT = YES;
			};
			name = Release;
		};
		EB4278342791150E0089D478 /* Debug */ = {
			isa = XCBuildConfiguration;
			buildSettings = {
				ASSETCATALOG_COMPILER_APPICON_NAME = AppIcon;
				ASSETCATALOG_COMPILER_GLOBAL_ACCENT_COLOR_NAME = AccentColor;
				CODE_SIGN_STYLE = Automatic;
				CURRENT_PROJECT_VERSION = 1;
				DEVELOPMENT_ASSET_PATHS = "\"FacebookClone/Resources/Preview Content\"";
				DEVELOPMENT_TEAM = M668R687KK;
				ENABLE_PREVIEWS = YES;
				GENERATE_INFOPLIST_FILE = YES;
				INFOPLIST_KEY_UIApplicationSceneManifest_Generation = YES;
				INFOPLIST_KEY_UIApplicationSupportsIndirectInputEvents = YES;
				INFOPLIST_KEY_UILaunchScreen_Generation = YES;
				INFOPLIST_KEY_UISupportedInterfaceOrientations_iPad = "UIInterfaceOrientationPortrait UIInterfaceOrientationPortraitUpsideDown UIInterfaceOrientationLandscapeLeft UIInterfaceOrientationLandscapeRight";
				INFOPLIST_KEY_UISupportedInterfaceOrientations_iPhone = "UIInterfaceOrientationPortrait UIInterfaceOrientationLandscapeLeft UIInterfaceOrientationLandscapeRight";
				LD_RUNPATH_SEARCH_PATHS = (
					"$(inherited)",
					"@executable_path/Frameworks",
				);
				MARKETING_VERSION = 1.0;
				PRODUCT_BUNDLE_IDENTIFIER = me.patrick.iradukunda.FacebookClone;
				PRODUCT_NAME = "$(TARGET_NAME)";
				SWIFT_EMIT_LOC_STRINGS = YES;
				SWIFT_VERSION = 5.0;
				TARGETED_DEVICE_FAMILY = "1,2";
			};
			name = Debug;
		};
		EB4278352791150E0089D478 /* Release */ = {
			isa = XCBuildConfiguration;
			buildSettings = {
				ASSETCATALOG_COMPILER_APPICON_NAME = AppIcon;
				ASSETCATALOG_COMPILER_GLOBAL_ACCENT_COLOR_NAME = AccentColor;
				CODE_SIGN_STYLE = Automatic;
				CURRENT_PROJECT_VERSION = 1;
				DEVELOPMENT_ASSET_PATHS = "\"FacebookClone/Resources/Preview Content\"";
				DEVELOPMENT_TEAM = M668R687KK;
				ENABLE_PREVIEWS = YES;
				GENERATE_INFOPLIST_FILE = YES;
				INFOPLIST_KEY_UIApplicationSceneManifest_Generation = YES;
				INFOPLIST_KEY_UIApplicationSupportsIndirectInputEvents = YES;
				INFOPLIST_KEY_UILaunchScreen_Generation = YES;
				INFOPLIST_KEY_UISupportedInterfaceOrientations_iPad = "UIInterfaceOrientationPortrait UIInterfaceOrientationPortraitUpsideDown UIInterfaceOrientationLandscapeLeft UIInterfaceOrientationLandscapeRight";
				INFOPLIST_KEY_UISupportedInterfaceOrientations_iPhone = "UIInterfaceOrientationPortrait UIInterfaceOrientationLandscapeLeft UIInterfaceOrientationLandscapeRight";
				LD_RUNPATH_SEARCH_PATHS = (
					"$(inherited)",
					"@executable_path/Frameworks",
				);
				MARKETING_VERSION = 1.0;
				PRODUCT_BUNDLE_IDENTIFIER = me.patrick.iradukunda.FacebookClone;
				PRODUCT_NAME = "$(TARGET_NAME)";
				SWIFT_EMIT_LOC_STRINGS = YES;
				SWIFT_VERSION = 5.0;
				TARGETED_DEVICE_FAMILY = "1,2";
			};
			name = Release;
		};
/* End XCBuildConfiguration section */

/* Begin XCConfigurationList section */
		EB4278202791150E0089D478 /* Build configuration list for PBXProject "FacebookClone" */ = {
			isa = XCConfigurationList;
			buildConfigurations = (
				EB4278312791150E0089D478 /* Debug */,
				EB4278322791150E0089D478 /* Release */,
			);
			defaultConfigurationIsVisible = 0;
			defaultConfigurationName = Release;
		};
		EB4278332791150E0089D478 /* Build configuration list for PBXNativeTarget "FacebookClone" */ = {
			isa = XCConfigurationList;
			buildConfigurations = (
				EB4278342791150E0089D478 /* Debug */,
				EB4278352791150E0089D478 /* Release */,
			);
			defaultConfigurationIsVisible = 0;
			defaultConfigurationName = Release;
		};
/* End XCConfigurationList section */
	};
	rootObject = EB42781D2791150E0089D478 /* Project object */;
}
